// !$*UTF8*$!
{
	archiveVersion = 1;
	classes = {
	};
	objectVersion = 46;
	objects = {

/* Begin PBXBuildFile section */
		09E4DE171F99DCCD0006E2E8 /* AppDelegate.swift in Sources */ = {isa = PBXBuildFile; fileRef = 09E4DE161F99DCCD0006E2E8 /* AppDelegate.swift */; };
		09E4DE1C1F99DCCD0006E2E8 /* Main.storyboard in Resources */ = {isa = PBXBuildFile; fileRef = 09E4DE1A1F99DCCD0006E2E8 /* Main.storyboard */; };
		09E4DE1E1F99DCCD0006E2E8 /* Assets.xcassets in Resources */ = {isa = PBXBuildFile; fileRef = 09E4DE1D1F99DCCD0006E2E8 /* Assets.xcassets */; };
		09E4DE211F99DCCD0006E2E8 /* LaunchScreen.storyboard in Resources */ = {isa = PBXBuildFile; fileRef = 09E4DE1F1F99DCCD0006E2E8 /* LaunchScreen.storyboard */; };
		09E4DE2C1F99DCCD0006E2E8 /* iQuickerTests.swift in Sources */ = {isa = PBXBuildFile; fileRef = 09E4DE2B1F99DCCD0006E2E8 /* iQuickerTests.swift */; };
		09E4DE371F99DCCD0006E2E8 /* iQuickerUITests.swift in Sources */ = {isa = PBXBuildFile; fileRef = 09E4DE361F99DCCD0006E2E8 /* iQuickerUITests.swift */; };
/* End PBXBuildFile section */

/* Begin PBXContainerItemProxy section */
		09E4DE281F99DCCD0006E2E8 /* PBXContainerItemProxy */ = {
			isa = PBXContainerItemProxy;
			containerPortal = 09E4DE0B1F99DCCD0006E2E8 /* Project object */;
			proxyType = 1;
			remoteGlobalIDString = 09E4DE121F99DCCD0006E2E8;
			remoteInfo = iQuicker;
		};
		09E4DE331F99DCCD0006E2E8 /* PBXContainerItemProxy */ = {
			isa = PBXContainerItemProxy;
			containerPortal = 09E4DE0B1F99DCCD0006E2E8 /* Project object */;
			proxyType = 1;
			remoteGlobalIDString = 09E4DE121F99DCCD0006E2E8;
			remoteInfo = iQuicker;
		};
/* End PBXContainerItemProxy section */

/* Begin PBXFileReference section */
		09E4DE131F99DCCD0006E2E8 /* iQuicker.app */ = {isa = PBXFileReference; explicitFileType = wrapper.application; includeInIndex = 0; path = iQuicker.app; sourceTree = BUILT_PRODUCTS_DIR; };
		09E4DE161F99DCCD0006E2E8 /* AppDelegate.swift */ = {isa = PBXFileReference; lastKnownFileType = sourcecode.swift; path = AppDelegate.swift; sourceTree = "<group>"; };
		09E4DE1B1F99DCCD0006E2E8 /* Base */ = {isa = PBXFileReference; lastKnownFileType = file.storyboard; name = Base; path = Base.lproj/Main.storyboard; sourceTree = "<group>"; };
		09E4DE1D1F99DCCD0006E2E8 /* Assets.xcassets */ = {isa = PBXFileReference; lastKnownFileType = folder.assetcatalog; path = Assets.xcassets; sourceTree = "<group>"; };
		09E4DE201F99DCCD0006E2E8 /* Base */ = {isa = PBXFileReference; lastKnownFileType = file.storyboard; name = Base; path = Base.lproj/LaunchScreen.storyboard; sourceTree = "<group>"; };
		09E4DE221F99DCCD0006E2E8 /* Info.plist */ = {isa = PBXFileReference; lastKnownFileType = text.plist.xml; path = Info.plist; sourceTree = "<group>"; };
		09E4DE271F99DCCD0006E2E8 /* iQuickerTests.xctest */ = {isa = PBXFileReference; explicitFileType = wrapper.cfbundle; includeInIndex = 0; path = iQuickerTests.xctest; sourceTree = BUILT_PRODUCTS_DIR; };
		09E4DE2B1F99DCCD0006E2E8 /* iQuickerTests.swift */ = {isa = PBXFileReference; lastKnownFileType = sourcecode.swift; path = iQuickerTests.swift; sourceTree = "<group>"; };
		09E4DE2D1F99DCCD0006E2E8 /* Info.plist */ = {isa = PBXFileReference; lastKnownFileType = text.plist.xml; path = Info.plist; sourceTree = "<group>"; };
		09E4DE321F99DCCD0006E2E8 /* iQuickerUITests.xctest */ = {isa = PBXFileReference; explicitFileType = wrapper.cfbundle; includeInIndex = 0; path = iQuickerUITests.xctest; sourceTree = BUILT_PRODUCTS_DIR; };
		09E4DE361F99DCCD0006E2E8 /* iQuickerUITests.swift */ = {isa = PBXFileReference; lastKnownFileType = sourcecode.swift; path = iQuickerUITests.swift; sourceTree = "<group>"; };
		09E4DE381F99DCCD0006E2E8 /* Info.plist */ = {isa = PBXFileReference; lastKnownFileType = text.plist.xml; path = Info.plist; sourceTree = "<group>"; };
/* End PBXFileReference section */

/* Begin PBXFrameworksBuildPhase section */
		09E4DE101F99DCCD0006E2E8 /* Frameworks */ = {
			isa = PBXFrameworksBuildPhase;
			buildActionMask = 2147483647;
			files = (
			);
			runOnlyForDeploymentPostprocessing = 0;
		};
		09E4DE241F99DCCD0006E2E8 /* Frameworks */ = {
			isa = PBXFrameworksBuildPhase;
			buildActionMask = 2147483647;
			files = (
			);
			runOnlyForDeploymentPostprocessing = 0;
		};
		09E4DE2F1F99DCCD0006E2E8 /* Frameworks */ = {
			isa = PBXFrameworksBuildPhase;
			buildActionMask = 2147483647;
			files = (
			);
			runOnlyForDeploymentPostprocessing = 0;
		};
/* End PBXFrameworksBuildPhase section */

/* Begin PBXGroup section */
		09E4DE0A1F99DCCD0006E2E8 = {
			isa = PBXGroup;
			children = (
				09E4DE151F99DCCD0006E2E8 /* iQuicker */,
				09E4DE2A1F99DCCD0006E2E8 /* iQuickerTests */,
				09E4DE351F99DCCD0006E2E8 /* iQuickerUITests */,
				09E4DE141F99DCCD0006E2E8 /* Products */,
			);
			sourceTree = "<group>";
		};
		09E4DE141F99DCCD0006E2E8 /* Products */ = {
			isa = PBXGroup;
			children = (
				09E4DE131F99DCCD0006E2E8 /* iQuicker.app */,
				09E4DE271F99DCCD0006E2E8 /* iQuickerTests.xctest */,
				09E4DE321F99DCCD0006E2E8 /* iQuickerUITests.xctest */,
			);
			name = Products;
			sourceTree = "<group>";
		};
		09E4DE151F99DCCD0006E2E8 /* iQuicker */ = {
			isa = PBXGroup;
			children = (
				09E4DE441F99E3CB0006E2E8 /* Classes */,
				09E4DE161F99DCCD0006E2E8 /* AppDelegate.swift */,
				09E4DE1A1F99DCCD0006E2E8 /* Main.storyboard */,
				09E4DE1D1F99DCCD0006E2E8 /* Assets.xcassets */,
				09E4DE1F1F99DCCD0006E2E8 /* LaunchScreen.storyboard */,
				09E4DE221F99DCCD0006E2E8 /* Info.plist */,
			);
			path = iQuicker;
			sourceTree = "<group>";
		};
		09E4DE2A1F99DCCD0006E2E8 /* iQuickerTests */ = {
			isa = PBXGroup;
			children = (
				09E4DE2B1F99DCCD0006E2E8 /* iQuickerTests.swift */,
				09E4DE2D1F99DCCD0006E2E8 /* Info.plist */,
			);
			path = iQuickerTests;
			sourceTree = "<group>";
		};
		09E4DE351F99DCCD0006E2E8 /* iQuickerUITests */ = {
			isa = PBXGroup;
			children = (
				09E4DE361F99DCCD0006E2E8 /* iQuickerUITests.swift */,
				09E4DE381F99DCCD0006E2E8 /* Info.plist */,
			);
			path = iQuickerUITests;
			sourceTree = "<group>";
		};
		09E4DE441F99E3CB0006E2E8 /* Classes */ = {
			isa = PBXGroup;
			children = (
				09E4DE461F99E3CB0006E2E8 /* Main */,
				09E4DE451F99E3CB0006E2E8 /* Home */,
				09E4DE471F99E3CB0006E2E8 /* Tools */,
			);
			path = Classes;
			sourceTree = "<group>";
		};
		09E4DE451F99E3CB0006E2E8 /* Home */ = {
			isa = PBXGroup;
			children = (
			);
			path = Home;
			sourceTree = "<group>";
		};
		09E4DE461F99E3CB0006E2E8 /* Main */ = {
			isa = PBXGroup;
			children = (
			);
			path = Main;
			sourceTree = "<group>";
		};
		09E4DE471F99E3CB0006E2E8 /* Tools */ = {
			isa = PBXGroup;
			children = (
			);
			path = Tools;
			sourceTree = "<group>";
		};
/* End PBXGroup section */

/* Begin PBXNativeTarget section */
		09E4DE121F99DCCD0006E2E8 /* iQuicker */ = {
			isa = PBXNativeTarget;
			buildConfigurationList = 09E4DE3B1F99DCCD0006E2E8 /* Build configuration list for PBXNativeTarget "iQuicker" */;
			buildPhases = (
				09E4DE0F1F99DCCD0006E2E8 /* Sources */,
				09E4DE101F99DCCD0006E2E8 /* Frameworks */,
				09E4DE111F99DCCD0006E2E8 /* Resources */,
			);
			buildRules = (
			);
			dependencies = (
			);
			name = iQuicker;
			productName = iQuicker;
			productReference = 09E4DE131F99DCCD0006E2E8 /* iQuicker.app */;
			productType = "com.apple.product-type.application";
		};
		09E4DE261F99DCCD0006E2E8 /* iQuickerTests */ = {
			isa = PBXNativeTarget;
			buildConfigurationList = 09E4DE3E1F99DCCD0006E2E8 /* Build configuration list for PBXNativeTarget "iQuickerTests" */;
			buildPhases = (
				09E4DE231F99DCCD0006E2E8 /* Sources */,
				09E4DE241F99DCCD0006E2E8 /* Frameworks */,
				09E4DE251F99DCCD0006E2E8 /* Resources */,
			);
			buildRules = (
			);
			dependencies = (
				09E4DE291F99DCCD0006E2E8 /* PBXTargetDependency */,
			);
			name = iQuickerTests;
			productName = iQuickerTests;
			productReference = 09E4DE271F99DCCD0006E2E8 /* iQuickerTests.xctest */;
			productType = "com.apple.product-type.bundle.unit-test";
		};
		09E4DE311F99DCCD0006E2E8 /* iQuickerUITests */ = {
			isa = PBXNativeTarget;
			buildConfigurationList = 09E4DE411F99DCCD0006E2E8 /* Build configuration list for PBXNativeTarget "iQuickerUITests" */;
			buildPhases = (
				09E4DE2E1F99DCCD0006E2E8 /* Sources */,
				09E4DE2F1F99DCCD0006E2E8 /* Frameworks */,
				09E4DE301F99DCCD0006E2E8 /* Resources */,
			);
			buildRules = (
			);
			dependencies = (
				09E4DE341F99DCCD0006E2E8 /* PBXTargetDependency */,
			);
			name = iQuickerUITests;
			productName = iQuickerUITests;
			productReference = 09E4DE321F99DCCD0006E2E8 /* iQuickerUITests.xctest */;
			productType = "com.apple.product-type.bundle.ui-testing";
		};
/* End PBXNativeTarget section */

/* Begin PBXProject section */
		09E4DE0B1F99DCCD0006E2E8 /* Project object */ = {
			isa = PBXProject;
			attributes = {
				LastSwiftUpdateCheck = 0830;
				LastUpgradeCheck = 0830;
				ORGANIZATIONNAME = iQuicker;
				TargetAttributes = {
					09E4DE121F99DCCD0006E2E8 = {
						CreatedOnToolsVersion = 8.3.2;
						ProvisioningStyle = Automatic;
					};
					09E4DE261F99DCCD0006E2E8 = {
						CreatedOnToolsVersion = 8.3.2;
						ProvisioningStyle = Automatic;
						TestTargetID = 09E4DE121F99DCCD0006E2E8;
					};
					09E4DE311F99DCCD0006E2E8 = {
						CreatedOnToolsVersion = 8.3.2;
						ProvisioningStyle = Automatic;
						TestTargetID = 09E4DE121F99DCCD0006E2E8;
					};
				};
			};
			buildConfigurationList = 09E4DE0E1F99DCCD0006E2E8 /* Build configuration list for PBXProject "iQuicker" */;
			compatibilityVersion = "Xcode 3.2";
			developmentRegion = English;
			hasScannedForEncodings = 0;
			knownRegions = (
				en,
				Base,
			);
			mainGroup = 09E4DE0A1F99DCCD0006E2E8;
			productRefGroup = 09E4DE141F99DCCD0006E2E8 /* Products */;
			projectDirPath = "";
			projectRoot = "";
			targets = (
				09E4DE121F99DCCD0006E2E8 /* iQuicker */,
				09E4DE261F99DCCD0006E2E8 /* iQuickerTests */,
				09E4DE311F99DCCD0006E2E8 /* iQuickerUITests */,
			);
		};
/* End PBXProject section */

/* Begin PBXResourcesBuildPhase section */
		09E4DE111F99DCCD0006E2E8 /* Resources */ = {
			isa = PBXResourcesBuildPhase;
			buildActionMask = 2147483647;
			files = (
				09E4DE211F99DCCD0006E2E8 /* LaunchScreen.storyboard in Resources */,
				09E4DE1E1F99DCCD0006E2E8 /* Assets.xcassets in Resources */,
				09E4DE1C1F99DCCD0006E2E8 /* Main.storyboard in Resources */,
			);
			runOnlyForDeploymentPostprocessing = 0;
		};
		09E4DE251F99DCCD0006E2E8 /* Resources */ = {
			isa = PBXResourcesBuildPhase;
			buildActionMask = 2147483647;
			files = (
			);
			runOnlyForDeploymentPostprocessing = 0;
		};
		09E4DE301F99DCCD0006E2E8 /* Resources */ = {
			isa = PBXResourcesBuildPhase;
			buildActionMask = 2147483647;
			files = (
			);
			runOnlyForDeploymentPostprocessing = 0;
		};
/* End PBXResourcesBuildPhase section */

/* Begin PBXSourcesBuildPhase section */
		09E4DE0F1F99DCCD0006E2E8 /* Sources */ = {
			isa = PBXSourcesBuildPhase;
			buildActionMask = 2147483647;
			files = (
				09E4DE171F99DCCD0006E2E8 /* AppDelegate.swift in Sources */,
			);
			runOnlyForDeploymentPostprocessing = 0;
		};
		09E4DE231F99DCCD0006E2E8 /* Sources */ = {
			isa = PBXSourcesBuildPhase;
			buildActionMask = 2147483647;
			files = (
				09E4DE2C1F99DCCD0006E2E8 /* iQuickerTests.swift in Sources */,
			);
			runOnlyForDeploymentPostprocessing = 0;
		};
		09E4DE2E1F99DCCD0006E2E8 /* Sources */ = {
			isa = PBXSourcesBuildPhase;
			buildActionMask = 2147483647;
			files = (
				09E4DE371F99DCCD0006E2E8 /* iQuickerUITests.swift in Sources */,
			);
			runOnlyForDeploymentPostprocessing = 0;
		};
/* End PBXSourcesBuildPhase section */

/* Begin PBXTargetDependency section */
		09E4DE291F99DCCD0006E2E8 /* PBXTargetDependency */ = {
			isa = PBXTargetDependency;
			target = 09E4DE121F99DCCD0006E2E8 /* iQuicker */;
			targetProxy = 09E4DE281F99DCCD0006E2E8 /* PBXContainerItemProxy */;
		};
		09E4DE341F99DCCD0006E2E8 /* PBXTargetDependency */ = {
			isa = PBXTargetDependency;
			target = 09E4DE121F99DCCD0006E2E8 /* iQuicker */;
			targetProxy = 09E4DE331F99DCCD0006E2E8 /* PBXContainerItemProxy */;
		};
/* End PBXTargetDependency section */

/* Begin PBXVariantGroup section */
		09E4DE1A1F99DCCD0006E2E8 /* Main.storyboard */ = {
			isa = PBXVariantGroup;
			children = (
				09E4DE1B1F99DCCD0006E2E8 /* Base */,
			);
			name = Main.storyboard;
			sourceTree = "<group>";
		};
		09E4DE1F1F99DCCD0006E2E8 /* LaunchScreen.storyboard */ = {
			isa = PBXVariantGroup;
			children = (
				09E4DE201F99DCCD0006E2E8 /* Base */,
			);
			name = LaunchScreen.storyboard;
			sourceTree = "<group>";
		};
/* End PBXVariantGroup section */

/* Begin XCBuildConfiguration section */
		09E4DE391F99DCCD0006E2E8 /* Debug */ = {
			isa = XCBuildConfiguration;
			buildSettings = {
				ALWAYS_SEARCH_USER_PATHS = NO;
				CLANG_ANALYZER_NONNULL = YES;
				CLANG_ANALYZER_NUMBER_OBJECT_CONVERSION = YES_AGGRESSIVE;
				CLANG_CXX_LANGUAGE_STANDARD = "gnu++0x";
				CLANG_CXX_LIBRARY = "libc++";
				CLANG_ENABLE_MODULES = YES;
				CLANG_ENABLE_OBJC_ARC = YES;
				CLANG_WARN_BOOL_CONVERSION = YES;
				CLANG_WARN_CONSTANT_CONVERSION = YES;
				CLANG_WARN_DIRECT_OBJC_ISA_USAGE = YES_ERROR;
				CLANG_WARN_DOCUMENTATION_COMMENTS = YES;
				CLANG_WARN_EMPTY_BODY = YES;
				CLANG_WARN_ENUM_CONVERSION = YES;
				CLANG_WARN_INFINITE_RECURSION = YES;
				CLANG_WARN_INT_CONVERSION = YES;
				CLANG_WARN_OBJC_ROOT_CLASS = YES_ERROR;
				CLANG_WARN_SUSPICIOUS_MOVE = YES;
				CLANG_WARN_UNREACHABLE_CODE = YES;
				CLANG_WARN__DUPLICATE_METHOD_MATCH = YES;
				"CODE_SIGN_IDENTITY[sdk=iphoneos*]" = "iPhone Developer";
				COPY_PHASE_STRIP = NO;
				DEBUG_INFORMATION_FORMAT = dwarf;
				ENABLE_STRICT_OBJC_MSGSEND = YES;
				ENABLE_TESTABILITY = YES;
				GCC_C_LANGUAGE_STANDARD = gnu99;
				GCC_DYNAMIC_NO_PIC = NO;
				GCC_NO_COMMON_BLOCKS = YES;
				GCC_OPTIMIZATION_LEVEL = 0;
				GCC_PREPROCESSOR_DEFINITIONS = (
					"DEBUG=1",
					"$(inherited)",
				);
				GCC_WARN_64_TO_32_BIT_CONVERSION = YES;
				GCC_WARN_ABOUT_RETURN_TYPE = YES_ERROR;
				GCC_WARN_UNDECLARED_SELECTOR = YES;
				GCC_WARN_UNINITIALIZED_AUTOS = YES_AGGRESSIVE;
				GCC_WARN_UNUSED_FUNCTION = YES;
				GCC_WARN_UNUSED_VARIABLE = YES;
				IPHONEOS_DEPLOYMENT_TARGET = 10.3;
				MTL_ENABLE_DEBUG_INFO = YES;
				ONLY_ACTIVE_ARCH = YES;
				SDKROOT = iphoneos;
				SWIFT_ACTIVE_COMPILATION_CONDITIONS = DEBUG;
				SWIFT_OPTIMIZATION_LEVEL = "-Onone";
			};
			name = Debug;
		};
		09E4DE3A1F99DCCD0006E2E8 /* Release */ = {
			isa = XCBuildConfiguration;
			buildSettings = {
				ALWAYS_SEARCH_USER_PATHS = NO;
				CLANG_ANALYZER_NONNULL = YES;
				CLANG_ANALYZER_NUMBER_OBJECT_CONVERSION = YES_AGGRESSIVE;
				CLANG_CXX_LANGUAGE_STANDARD = "gnu++0x";
				CLANG_CXX_LIBRARY = "libc++";
				CLANG_ENABLE_MODULES = YES;
				CLANG_ENABLE_OBJC_ARC = YES;
				CLANG_WARN_BOOL_CONVERSION = YES;
				CLANG_WARN_CONSTANT_CONVERSION = YES;
				CLANG_WARN_DIRECT_OBJC_ISA_USAGE = YES_ERROR;
				CLANG_WARN_DOCUMENTATION_COMMENTS = YES;
				CLANG_WARN_EMPTY_BODY = YES;
				CLANG_WARN_ENUM_CONVERSION = YES;
				CLANG_WARN_INFINITE_RECURSION = YES;
				CLANG_WARN_INT_CONVERSION = YES;
				CLANG_WARN_OBJC_ROOT_CLASS = YES_ERROR;
				CLANG_WARN_SUSPICIOUS_MOVE = YES;
				CLANG_WARN_UNREACHABLE_CODE = YES;
				CLANG_WARN__DUPLICATE_METHOD_MATCH = YES;
				"CODE_SIGN_IDENTITY[sdk=iphoneos*]" = "iPhone Developer";
				COPY_PHASE_STRIP = NO;
				DEBUG_INFORMATION_FORMAT = "dwarf-with-dsym";
				ENABLE_NS_ASSERTIONS = NO;
				ENABLE_STRICT_OBJC_MSGSEND = YES;
				GCC_C_LANGUAGE_STANDARD = gnu99;
				GCC_NO_COMMON_BLOCKS = YES;
				GCC_WARN_64_TO_32_BIT_CONVERSION = YES;
				GCC_WARN_ABOUT_RETURN_TYPE = YES_ERROR;
				GCC_WARN_UNDECLARED_SELECTOR = YES;
				GCC_WARN_UNINITIALIZED_AUTOS = YES_AGGRESSIVE;
				GCC_WARN_UNUSED_FUNCTION = YES;
				GCC_WARN_UNUSED_VARIABLE = YES;
				IPHONEOS_DEPLOYMENT_TARGET = 10.3;
				MTL_ENABLE_DEBUG_INFO = NO;
				SDKROOT = iphoneos;
				SWIFT_OPTIMIZATION_LEVEL = "-Owholemodule";
				VALIDATE_PRODUCT = YES;
			};
			name = Release;
		};
		09E4DE3C1F99DCCD0006E2E8 /* Debug */ = {
			isa = XCBuildConfiguration;
			buildSettings = {
				ASSETCATALOG_COMPILER_APPICON_NAME = AppIcon;
				ASSETCATALOG_COMPILER_LAUNCHIMAGE_NAME = LaunchImage;
				INFOPLIST_FILE = iQuicker/Info.plist;
				IPHONEOS_DEPLOYMENT_TARGET = 10.3;
				LD_RUNPATH_SEARCH_PATHS = "$(inherited) @executable_path/Frameworks";
				PRODUCT_BUNDLE_IDENTIFIER = com.dc.mobile.iQuicker;
				PRODUCT_NAME = "$(TARGET_NAME)";
				SWIFT_VERSION = 3.0;
			};
			name = Debug;
		};
		09E4DE3D1F99DCCD0006E2E8 /* Release */ = {
			isa = XCBuildConfiguration;
			buildSettings = {
				ASSETCATALOG_COMPILER_APPICON_NAME = AppIcon;
				ASSETCATALOG_COMPILER_LAUNCHIMAGE_NAME = LaunchImage;
				INFOPLIST_FILE = iQuicker/Info.plist;
				IPHONEOS_DEPLOYMENT_TARGET = 10.3;
				LD_RUNPATH_SEARCH_PATHS = "$(inherited) @executable_path/Frameworks";
				PRODUCT_BUNDLE_IDENTIFIER = com.dc.mobile.iQuicker;
				PRODUCT_NAME = "$(TARGET_NAME)";
				SWIFT_VERSION = 3.0;
			};
			name = Release;
		};
		09E4DE3F1F99DCCD0006E2E8 /* Debug */ = {
			isa = XCBuildConfiguration;
			buildSettings = {
				ALWAYS_EMBED_SWIFT_STANDARD_LIBRARIES = YES;
				BUNDLE_LOADER = "$(TEST_HOST)";
				INFOPLIST_FILE = iQuickerTests/Info.plist;
				LD_RUNPATH_SEARCH_PATHS = "$(inherited) @executable_path/Frameworks @loader_path/Frameworks";
				PRODUCT_BUNDLE_IDENTIFIER = com.dc.mobile.iQuickerTests;
				PRODUCT_NAME = "$(TARGET_NAME)";
				SWIFT_VERSION = 3.0;
				TEST_HOST = "$(BUILT_PRODUCTS_DIR)/iQuicker.app/iQuicker";
			};
			name = Debug;
		};
		09E4DE401F99DCCD0006E2E8 /* Release */ = {
			isa = XCBuildConfiguration;
			buildSettings = {
				ALWAYS_EMBED_SWIFT_STANDARD_LIBRARIES = YES;
				BUNDLE_LOADER = "$(TEST_HOST)";
				INFOPLIST_FILE = iQuickerTests/Info.plist;
				LD_RUNPATH_SEARCH_PATHS = "$(inherited) @executable_path/Frameworks @loader_path/Frameworks";
				PRODUCT_BUNDLE_IDENTIFIER = com.dc.mobile.iQuickerTests;
				PRODUCT_NAME = "$(TARGET_NAME)";
				SWIFT_VERSION = 3.0;
				TEST_HOST = "$(BUILT_PRODUCTS_DIR)/iQuicker.app/iQuicker";
			};
			name = Release;
		};
		09E4DE421F99DCCD0006E2E8 /* Debug */ = {
			isa = XCBuildConfiguration;
			buildSettings = {
				ALWAYS_EMBED_SWIFT_STANDARD_LIBRARIES = YES;
				INFOPLIST_FILE = iQuickerUITests/Info.plist;
				LD_RUNPATH_SEARCH_PATHS = "$(inherited) @executable_path/Frameworks @loader_path/Frameworks";
				PRODUCT_BUNDLE_IDENTIFIER = com.dc.mobile.iQuickerUITests;
				PRODUCT_NAME = "$(TARGET_NAME)";
				SWIFT_VERSION = 3.0;
				TEST_TARGET_NAME = iQuicker;
			};
			name = Debug;
		};
		09E4DE431F99DCCD0006E2E8 /* Release */ = {
			isa = XCBuildConfiguration;
			buildSettings = {
				ALWAYS_EMBED_SWIFT_STANDARD_LIBRARIES = YES;
				INFOPLIST_FILE = iQuickerUITests/Info.plist;
				LD_RUNPATH_SEARCH_PATHS = "$(inherited) @executable_path/Frameworks @loader_path/Frameworks";
				PRODUCT_BUNDLE_IDENTIFIER = com.dc.mobile.iQuickerUITests;
				PRODUCT_NAME = "$(TARGET_NAME)";
				SWIFT_VERSION = 3.0;
				TEST_TARGET_NAME = iQuicker;
			};
			name = Release;
		};
/* End XCBuildConfiguration section */

/* Begin XCConfigurationList section */
		09E4DE0E1F99DCCD0006E2E8 /* Build configuration list for PBXProject "iQuicker" */ = {
			isa = XCConfigurationList;
			buildConfigurations = (
				09E4DE391F99DCCD0006E2E8 /* Debug */,
				09E4DE3A1F99DCCD0006E2E8 /* Release */,
			);
			defaultConfigurationIsVisible = 0;
			defaultConfigurationName = Release;
		};
		09E4DE3B1F99DCCD0006E2E8 /* Build configuration list for PBXNativeTarget "iQuicker" */ = {
			isa = XCConfigurationList;
			buildConfigurations = (
				09E4DE3C1F99DCCD0006E2E8 /* Debug */,
				09E4DE3D1F99DCCD0006E2E8 /* Release */,
			);
			defaultConfigurationIsVisible = 0;
		};
		09E4DE3E1F99DCCD0006E2E8 /* Build configuration list for PBXNativeTarget "iQuickerTests" */ = {
			isa = XCConfigurationList;
			buildConfigurations = (
				09E4DE3F1F99DCCD0006E2E8 /* Debug */,
				09E4DE401F99DCCD0006E2E8 /* Release */,
			);
			defaultConfigurationIsVisible = 0;
		};
		09E4DE411F99DCCD0006E2E8 /* Build configuration list for PBXNativeTarget "iQuickerUITests" */ = {
			isa = XCConfigurationList;
			buildConfigurations = (
				09E4DE421F99DCCD0006E2E8 /* Debug */,
				09E4DE431F99DCCD0006E2E8 /* Release */,
			);
			defaultConfigurationIsVisible = 0;
		};
/* End XCConfigurationList section */
	};
	rootObject = 09E4DE0B1F99DCCD0006E2E8 /* Project object */;
}
